
Microsoft Visual Studio Solution File, Format Version 12.00
# Visual Studio Version 17
VisualStudioVersion = 17.0.31903.59
MinimumVisualStudioVersion = 10.0.40219.1
Project("{F2A71F9B-5D33-465A-A702-920D77279786}") = "Src", "Src\Src.fsproj", "{77794BB9-840F-4C2A-B868-772C0B3F9532}"
EndProject
Project("{F2A71F9B-5D33-465A-A702-920D77279786}") = "Test", "Test\Test.fsproj", "{4180B031-6FD3-4ED8-A668-FD03D20916F1}"
EndProject
Project("{F2A71F9B-5D33-465A-A702-920D77279786}") = "App", "App\App.fsproj", "{74D81597-07F1-4393-AEFF-8AEE8254B8E6}"
EndProject
Global
	GlobalSection(SolutionConfigurationPlatforms) = preSolution
		Debug|Any CPU = Debug|Any CPU
		Release|Any CPU = Release|Any CPU
	EndGlobalSection
	GlobalSection(SolutionProperties) = preSolution
		HideSolutionNode = FALSE
	EndGlobalSection
	GlobalSection(ProjectConfigurationPlatforms) = postSolution
		{77794BB9-840F-4C2A-B868-772C0B3F9532}.Debug|Any CPU.ActiveCfg = Debug|Any CPU
		{77794BB9-840F-4C2A-B868-772C0B3F9532}.Debug|Any CPU.Build.0 = Debug|Any CPU
		{77794BB9-840F-4C2A-B868-772C0B3F9532}.Release|Any CPU.ActiveCfg = Release|Any CPU
		{77794BB9-840F-4C2A-B868-772C0B3F9532}.Release|Any CPU.Build.0 = Release|Any CPU
		{4180B031-6FD3-4ED8-A668-FD03D20916F1}.Debug|Any CPU.ActiveCfg = Debug|Any CPU
		{4180B031-6FD3-4ED8-A668-FD03D20916F1}.Debug|Any CPU.Build.0 = Debug|Any CPU
		{4180B031-6FD3-4ED8-A668-FD03D20916F1}.Release|Any CPU.ActiveCfg = Release|Any CPU
		{4180B031-6FD3-4ED8-A668-FD03D20916F1}.Release|Any CPU.Build.0 = Release|Any CPU
		{74D81597-07F1-4393-AEFF-8AEE8254B8E6}.Debug|Any CPU.ActiveCfg = Debug|Any CPU
		{74D81597-07F1-4393-AEFF-8AEE8254B8E6}.Debug|Any CPU.Build.0 = Debug|Any CPU
		{74D81597-07F1-4393-AEFF-8AEE8254B8E6}.Release|Any CPU.ActiveCfg = Release|Any CPU
		{74D81597-07F1-4393-AEFF-8AEE8254B8E6}.Release|Any CPU.Build.0 = Release|Any CPU
	EndGlobalSection
EndGlobal
